
Microsoft Visual Studio Solution File, Format Version 12.00
# Visual Studio 15
VisualStudioVersion = 15.0.27428.2037
MinimumVisualStudioVersion = 10.0.40219.1
Project("{FAE04EC0-301F-11D3-BF4B-00C04F79EFBC}") = "PlataformaWeb", "PlataformaWeb\PlataformaWeb.csproj", "{E87FD766-8C50-4C7C-9A00-0A262A0DE9D0}"
EndProject
Global
	GlobalSection(SolutionConfigurationPlatforms) = preSolution
		Debug|Any CPU = Debug|Any CPU
		Release|Any CPU = Release|Any CPU
	EndGlobalSection
	GlobalSection(ProjectConfigurationPlatforms) = postSolution
		{E87FD766-8C50-4C7C-9A00-0A262A0DE9D0}.Debug|Any CPU.ActiveCfg = Debug|Any CPU
		{E87FD766-8C50-4C7C-9A00-0A262A0DE9D0}.Debug|Any CPU.Build.0 = Debug|Any CPU
		{E87FD766-8C50-4C7C-9A00-0A262A0DE9D0}.Release|Any CPU.ActiveCfg = Release|Any CPU
		{E87FD766-8C50-4C7C-9A00-0A262A0DE9D0}.Release|Any CPU.Build.0 = Release|Any CPU
	EndGlobalSection
	GlobalSection(SolutionProperties) = preSolution
		HideSolutionNode = FALSE
	EndGlobalSection
	GlobalSection(ExtensibilityGlobals) = postSolution
		SolutionGuid = {10444D59-0A20-44A3-9CB5-E78784A6A75A}
	EndGlobalSection
EndGlobal
